
Microsoft Visual Studio Solution File, Format Version 12.00
# Visual Studio Version 16
VisualStudioVersion = 16.0.28822.285
MinimumVisualStudioVersion = 10.0.40219.1
Project("{FAE04EC0-301F-11D3-BF4B-00C04F79EFBC}") = "DemoEntidad", "DemoEntidad.csproj", "{8B5310D9-1EAA-49B1-B03F-D5AFFC400D50}"
EndProject
Global
	GlobalSection(SolutionConfigurationPlatforms) = preSolution
		Debug|Any CPU = Debug|Any CPU
		Release|Any CPU = Release|Any CPU
	EndGlobalSection
	GlobalSection(ProjectConfigurationPlatforms) = postSolution
		{8B5310D9-1EAA-49B1-B03F-D5AFFC400D50}.Debug|Any CPU.ActiveCfg = Debug|Any CPU
		{8B5310D9-1EAA-49B1-B03F-D5AFFC400D50}.Debug|Any CPU.Build.0 = Debug|Any CPU
		{8B5310D9-1EAA-49B1-B03F-D5AFFC400D50}.Release|Any CPU.ActiveCfg = Release|Any CPU
		{8B5310D9-1EAA-49B1-B03F-D5AFFC400D50}.Release|Any CPU.Build.0 = Release|Any CPU
	EndGlobalSection
	GlobalSection(SolutionProperties) = preSolution
		HideSolutionNode = FALSE
	EndGlobalSection
	GlobalSection(ExtensibilityGlobals) = postSolution
		SolutionGuid = {7884C8FF-777B-4901-9AB0-CEB4CD864153}
	EndGlobalSection
EndGlobal
