
Microsoft Visual Studio Solution File, Format Version 12.00
# Visual Studio Version 16
VisualStudioVersion = 16.0.28922.388
MinimumVisualStudioVersion = 10.0.40219.1
Project("{FAE04EC0-301F-11D3-BF4B-00C04F79EFBC}") = "ColaEspera.Android", "ColaEspera.Android\ColaEspera.Android.csproj", "{5DFE05C2-1D0F-4EA4-8E49-33788A4D0552}"
EndProject
Project("{FAE04EC0-301F-11D3-BF4B-00C04F79EFBC}") = "ColaEspera.iOS", "ColaEspera.iOS\ColaEspera.iOS.csproj", "{B0EED0AB-696F-4808-A7E8-7BA7DDC05D48}"
EndProject
Project("{FAE04EC0-301F-11D3-BF4B-00C04F79EFBC}") = "ColaEspera", "ColaEspera\ColaEspera.csproj", "{F72B42A6-3FCC-4480-9EEC-5F022EFDA449}"
EndProject
Global
	GlobalSection(SolutionConfigurationPlatforms) = preSolution
		Debug|Any CPU = Debug|Any CPU
		Debug|iPhone = Debug|iPhone
		Debug|iPhoneSimulator = Debug|iPhoneSimulator
		Release|Any CPU = Release|Any CPU
		Release|iPhone = Release|iPhone
		Release|iPhoneSimulator = Release|iPhoneSimulator
	EndGlobalSection
	GlobalSection(ProjectConfigurationPlatforms) = postSolution
		{5DFE05C2-1D0F-4EA4-8E49-33788A4D0552}.Debug|Any CPU.ActiveCfg = Debug|Any CPU
		{5DFE05C2-1D0F-4EA4-8E49-33788A4D0552}.Debug|Any CPU.Build.0 = Debug|Any CPU
		{5DFE05C2-1D0F-4EA4-8E49-33788A4D0552}.Debug|Any CPU.Deploy.0 = Debug|Any CPU
		{5DFE05C2-1D0F-4EA4-8E49-33788A4D0552}.Debug|iPhone.ActiveCfg = Debug|Any CPU
		{5DFE05C2-1D0F-4EA4-8E49-33788A4D0552}.Debug|iPhone.Build.0 = Debug|Any CPU
		{5DFE05C2-1D0F-4EA4-8E49-33788A4D0552}.Debug|iPhone.Deploy.0 = Debug|Any CPU
		{5DFE05C2-1D0F-4EA4-8E49-33788A4D0552}.Debug|iPhoneSimulator.ActiveCfg = Debug|Any CPU
		{5DFE05C2-1D0F-4EA4-8E49-33788A4D0552}.Debug|iPhoneSimulator.Build.0 = Debug|Any CPU
		{5DFE05C2-1D0F-4EA4-8E49-33788A4D0552}.Debug|iPhoneSimulator.Deploy.0 = Debug|Any CPU
		{5DFE05C2-1D0F-4EA4-8E49-33788A4D0552}.Release|Any CPU.ActiveCfg = Release|Any CPU
		{5DFE05C2-1D0F-4EA4-8E49-33788A4D0552}.Release|Any CPU.Build.0 = Release|Any CPU
		{5DFE05C2-1D0F-4EA4-8E49-33788A4D0552}.Release|Any CPU.Deploy.0 = Release|Any CPU
		{5DFE05C2-1D0F-4EA4-8E49-33788A4D0552}.Release|iPhone.ActiveCfg = Release|Any CPU
		{5DFE05C2-1D0F-4EA4-8E49-33788A4D0552}.Release|iPhone.Build.0 = Release|Any CPU
		{5DFE05C2-1D0F-4EA4-8E49-33788A4D0552}.Release|iPhone.Deploy.0 = Release|Any CPU
		{5DFE05C2-1D0F-4EA4-8E49-33788A4D0552}.Release|iPhoneSimulator.ActiveCfg = Release|Any CPU
		{5DFE05C2-1D0F-4EA4-8E49-33788A4D0552}.Release|iPhoneSimulator.Build.0 = Release|Any CPU
		{5DFE05C2-1D0F-4EA4-8E49-33788A4D0552}.Release|iPhoneSimulator.Deploy.0 = Release|Any CPU
		{B0EED0AB-696F-4808-A7E8-7BA7DDC05D48}.Debug|Any CPU.ActiveCfg = Debug|iPhoneSimulator
		{B0EED0AB-696F-4808-A7E8-7BA7DDC05D48}.Debug|Any CPU.Build.0 = Debug|iPhoneSimulator
		{B0EED0AB-696F-4808-A7E8-7BA7DDC05D48}.Debug|Any CPU.Deploy.0 = Debug|iPhoneSimulator
		{B0EED0AB-696F-4808-A7E8-7BA7DDC05D48}.Debug|iPhone.ActiveCfg = Debug|iPhone
		{B0EED0AB-696F-4808-A7E8-7BA7DDC05D48}.Debug|iPhone.Build.0 = Debug|iPhone
		{B0EED0AB-696F-4808-A7E8-7BA7DDC05D48}.Debug|iPhone.Deploy.0 = Debug|iPhone
		{B0EED0AB-696F-4808-A7E8-7BA7DDC05D48}.Debug|iPhoneSimulator.ActiveCfg = Debug|iPhoneSimulator
		{B0EED0AB-696F-4808-A7E8-7BA7DDC05D48}.Debug|iPhoneSimulator.Build.0 = Debug|iPhoneSimulator
		{B0EED0AB-696F-4808-A7E8-7BA7DDC05D48}.Debug|iPhoneSimulator.Deploy.0 = Debug|iPhoneSimulator
		{B0EED0AB-696F-4808-A7E8-7BA7DDC05D48}.Release|Any CPU.ActiveCfg = Release|iPhone
		{B0EED0AB-696F-4808-A7E8-7BA7DDC05D48}.Release|Any CPU.Build.0 = Release|iPhone
		{B0EED0AB-696F-4808-A7E8-7BA7DDC05D48}.Release|Any CPU.Deploy.0 = Release|iPhone
		{B0EED0AB-696F-4808-A7E8-7BA7DDC05D48}.Release|iPhone.ActiveCfg = Release|iPhone
		{B0EED0AB-696F-4808-A7E8-7BA7DDC05D48}.Release|iPhone.Build.0 = Release|iPhone
		{B0EED0AB-696F-4808-A7E8-7BA7DDC05D48}.Release|iPhone.Deploy.0 = Release|iPhone
		{B0EED0AB-696F-4808-A7E8-7BA7DDC05D48}.Release|iPhoneSimulator.ActiveCfg = Release|iPhoneSimulator
		{B0EED0AB-696F-4808-A7E8-7BA7DDC05D48}.Release|iPhoneSimulator.Build.0 = Release|iPhoneSimulator
		{B0EED0AB-696F-4808-A7E8-7BA7DDC05D48}.Release|iPhoneSimulator.Deploy.0 = Release|iPhoneSimulator
		{F72B42A6-3FCC-4480-9EEC-5F022EFDA449}.Debug|Any CPU.ActiveCfg = Debug|Any CPU
		{F72B42A6-3FCC-4480-9EEC-5F022EFDA449}.Debug|Any CPU.Build.0 = Debug|Any CPU
		{F72B42A6-3FCC-4480-9EEC-5F022EFDA449}.Debug|Any CPU.Deploy.0 = Debug|Any CPU
		{F72B42A6-3FCC-4480-9EEC-5F022EFDA449}.Debug|iPhone.ActiveCfg = Debug|Any CPU
		{F72B42A6-3FCC-4480-9EEC-5F022EFDA449}.Debug|iPhone.Build.0 = Debug|Any CPU
		{F72B42A6-3FCC-4480-9EEC-5F022EFDA449}.Debug|iPhone.Deploy.0 = Debug|Any CPU
		{F72B42A6-3FCC-4480-9EEC-5F022EFDA449}.Debug|iPhoneSimulator.ActiveCfg = Debug|Any CPU
		{F72B42A6-3FCC-4480-9EEC-5F022EFDA449}.Debug|iPhoneSimulator.Build.0 = Debug|Any CPU
		{F72B42A6-3FCC-4480-9EEC-5F022EFDA449}.Debug|iPhoneSimulator.Deploy.0 = Debug|Any CPU
		{F72B42A6-3FCC-4480-9EEC-5F022EFDA449}.Release|Any CPU.ActiveCfg = Release|Any CPU
		{F72B42A6-3FCC-4480-9EEC-5F022EFDA449}.Release|Any CPU.Build.0 = Release|Any CPU
		{F72B42A6-3FCC-4480-9EEC-5F022EFDA449}.Release|Any CPU.Deploy.0 = Release|Any CPU
		{F72B42A6-3FCC-4480-9EEC-5F022EFDA449}.Release|iPhone.ActiveCfg = Release|Any CPU
		{F72B42A6-3FCC-4480-9EEC-5F022EFDA449}.Release|iPhone.Build.0 = Release|Any CPU
		{F72B42A6-3FCC-4480-9EEC-5F022EFDA449}.Release|iPhone.Deploy.0 = Release|Any CPU
		{F72B42A6-3FCC-4480-9EEC-5F022EFDA449}.Release|iPhoneSimulator.ActiveCfg = Release|Any CPU
		{F72B42A6-3FCC-4480-9EEC-5F022EFDA449}.Release|iPhoneSimulator.Build.0 = Release|Any CPU
		{F72B42A6-3FCC-4480-9EEC-5F022EFDA449}.Release|iPhoneSimulator.Deploy.0 = Release|Any CPU
	EndGlobalSection
	GlobalSection(SolutionProperties) = preSolution
		HideSolutionNode = FALSE
	EndGlobalSection
	GlobalSection(ExtensibilityGlobals) = postSolution
		SolutionGuid = {9559B0F2-FD6A-430E-A315-66417454ABCD}
	EndGlobalSection
EndGlobal
