
Microsoft Visual Studio Solution File, Format Version 12.00
# Visual Studio Version 16
VisualStudioVersion = 16.0.28711.60
MinimumVisualStudioVersion = 10.0.40219.1
Project("{FAE04EC0-301F-11D3-BF4B-00C04F79EFBC}") = "Reflexion_y_atributos", "Reflexion_y_atributos\Reflexion_y_atributos.csproj", "{40501C63-3EB7-4D4C-9500-F4FD750D97EF}"
EndProject
Global
	GlobalSection(SolutionConfigurationPlatforms) = preSolution
		Debug|Any CPU = Debug|Any CPU
		Release|Any CPU = Release|Any CPU
	EndGlobalSection
	GlobalSection(ProjectConfigurationPlatforms) = postSolution
		{40501C63-3EB7-4D4C-9500-F4FD750D97EF}.Debug|Any CPU.ActiveCfg = Debug|Any CPU
		{40501C63-3EB7-4D4C-9500-F4FD750D97EF}.Debug|Any CPU.Build.0 = Debug|Any CPU
		{40501C63-3EB7-4D4C-9500-F4FD750D97EF}.Release|Any CPU.ActiveCfg = Release|Any CPU
		{40501C63-3EB7-4D4C-9500-F4FD750D97EF}.Release|Any CPU.Build.0 = Release|Any CPU
	EndGlobalSection
	GlobalSection(SolutionProperties) = preSolution
		HideSolutionNode = FALSE
	EndGlobalSection
	GlobalSection(ExtensibilityGlobals) = postSolution
		SolutionGuid = {7B788E5E-EFEA-49C7-AEA7-522A169CEBA3}
	EndGlobalSection
EndGlobal
