
Microsoft Visual Studio Solution File, Format Version 12.00
# Visual Studio Version 16
VisualStudioVersion = 16.0.29209.62
MinimumVisualStudioVersion = 10.0.40219.1
Project("{9A19103F-16F7-4668-BE54-9A1E7A4F7556}") = "PruebaRabbit", "PruebaRabbit.csproj", "{B69531F4-867F-4DC3-9963-799B2A222B4B}"
EndProject
Global
	GlobalSection(SolutionConfigurationPlatforms) = preSolution
		Debug|Any CPU = Debug|Any CPU
		Release|Any CPU = Release|Any CPU
	EndGlobalSection
	GlobalSection(ProjectConfigurationPlatforms) = postSolution
		{B69531F4-867F-4DC3-9963-799B2A222B4B}.Debug|Any CPU.ActiveCfg = Debug|Any CPU
		{B69531F4-867F-4DC3-9963-799B2A222B4B}.Debug|Any CPU.Build.0 = Debug|Any CPU
		{B69531F4-867F-4DC3-9963-799B2A222B4B}.Release|Any CPU.ActiveCfg = Release|Any CPU
		{B69531F4-867F-4DC3-9963-799B2A222B4B}.Release|Any CPU.Build.0 = Release|Any CPU
	EndGlobalSection
	GlobalSection(SolutionProperties) = preSolution
		HideSolutionNode = FALSE
	EndGlobalSection
	GlobalSection(ExtensibilityGlobals) = postSolution
		SolutionGuid = {12FE3E29-5F05-4778-83FB-3287C440B4BA}
	EndGlobalSection
EndGlobal
