
Microsoft Visual Studio Solution File, Format Version 12.00
# Visual Studio Version 16
VisualStudioVersion = 16.0.28922.388
MinimumVisualStudioVersion = 10.0.40219.1
Project("{FAE04EC0-301F-11D3-BF4B-00C04F79EFBC}") = "PruebaEnum", "PruebaEnum.csproj", "{5DAB9164-245B-40DE-8D66-CA7E1E9F6046}"
EndProject
Global
	GlobalSection(SolutionConfigurationPlatforms) = preSolution
		Debug|Any CPU = Debug|Any CPU
		Release|Any CPU = Release|Any CPU
	EndGlobalSection
	GlobalSection(ProjectConfigurationPlatforms) = postSolution
		{5DAB9164-245B-40DE-8D66-CA7E1E9F6046}.Debug|Any CPU.ActiveCfg = Debug|Any CPU
		{5DAB9164-245B-40DE-8D66-CA7E1E9F6046}.Debug|Any CPU.Build.0 = Debug|Any CPU
		{5DAB9164-245B-40DE-8D66-CA7E1E9F6046}.Release|Any CPU.ActiveCfg = Release|Any CPU
		{5DAB9164-245B-40DE-8D66-CA7E1E9F6046}.Release|Any CPU.Build.0 = Release|Any CPU
	EndGlobalSection
	GlobalSection(SolutionProperties) = preSolution
		HideSolutionNode = FALSE
	EndGlobalSection
	GlobalSection(ExtensibilityGlobals) = postSolution
		SolutionGuid = {CE932959-B0C0-41C2-9CF6-BEC2DF082A61}
	EndGlobalSection
EndGlobal
